# THIS IS AN AUTOGENERATED FILE. DO NOT EDIT THIS FILE DIRECTLY.
# yarn lockfile v1


"@types/faker@^4.1.12":
  version "4.1.12"
  resolved "https://registry.yarnpkg.com/@types/faker/-/faker-4.1.12.tgz#065d37343677df1aa757c622650bd14666c42602"
  integrity sha512-0MEyzJrLLs1WaOCx9ULK6FzdCSj2EuxdSP9kvuxxdBEGujZYUOZ4vkPXdgu3dhyg/pOdn7VCatelYX7k0YShlA==

"@types/googlemaps@^3.39.8":
  version "3.39.8"
  resolved "https://registry.yarnpkg.com/@types/googlemaps/-/googlemaps-3.39.8.tgz#3bca2344e1b050425a7cce4411f8330dddb75540"
  integrity sha512-z03u79t1v8QIktoUXypWD06Fzl499/hA162hurA+eCDlWXxFynuU+hMZIaferILF5Gzr4PMX1ShHszT666sUHQ==

faker@^4.1.0:
  version "4.1.0"
  resolved "https://registry.yarnpkg.com/faker/-/faker-4.1.0.tgz#1e45bbbecc6774b3c195fad2835109c6d748cc3f"
  integrity sha1-HkW7vsxndLPBlfrSg1EJxtdIzD8=

typescript@^3.9.5:
  version "3.9.5"
  resolved "https://registry.yarnpkg.com/typescript/-/typescript-3.9.5.tgz#586f0dba300cde8be52dd1ac4f7e1009c1b13f36"
  integrity sha512-hSAifV3k+i6lEoCJ2k6R2Z/rp/H3+8sdmcn5NrS3/3kE7+RyZXm9aqvxWqjEXHAd8b0pShatpcdMTvEdvAJltQ==
